
Microsoft Visual Studio Solution File, Format Version 12.00
# Visual Studio Version 17
VisualStudioVersion = 17.4.33213.308
MinimumVisualStudioVersion = 10.0.40219.1
Project("{FAE04EC0-301F-11D3-BF4B-00C04F79EFBC}") = "UserAPI", "UserAPI\UserAPI.csproj", "{410CE709-6701-4DCB-92E3-7A2FDA8547CB}"
EndProject
Global
	GlobalSection(SolutionConfigurationPlatforms) = preSolution
		Debug|Any CPU = Debug|Any CPU
		Release|Any CPU = Release|Any CPU
	EndGlobalSection
	GlobalSection(ProjectConfigurationPlatforms) = postSolution
		{410CE709-6701-4DCB-92E3-7A2FDA8547CB}.Debug|Any CPU.ActiveCfg = Debug|Any CPU
		{410CE709-6701-4DCB-92E3-7A2FDA8547CB}.Debug|Any CPU.Build.0 = Debug|Any CPU
		{410CE709-6701-4DCB-92E3-7A2FDA8547CB}.Release|Any CPU.ActiveCfg = Release|Any CPU
		{410CE709-6701-4DCB-92E3-7A2FDA8547CB}.Release|Any CPU.Build.0 = Release|Any CPU
	EndGlobalSection
	GlobalSection(SolutionProperties) = preSolution
		HideSolutionNode = FALSE
	EndGlobalSection
	GlobalSection(ExtensibilityGlobals) = postSolution
		SolutionGuid = {B410BEA0-F631-4C3D-828D-4B8B5FA7AFF6}
	EndGlobalSection
EndGlobal
